<?xml version="1.0" encoding="utf-8"?>
<Project ToolsVersion="4.0" xmlns="http://schemas.microsoft.com/developer/msbuild/2003">
  <ItemGroup>
    <Filter Include="Source Files">
      <UniqueIdentifier>{19b4f320-6d63-420a-b8e4-d808d21bcb4d}</UniqueIdentifier>
      <Extensions>cpp;c;cxx;rc;def;r;odl;idl;hpj;bat;for;f90</Extensions>
    </Filter>
    <Filter Include="Header Files">
      <UniqueIdentifier>{552be833-6f29-46e3-9512-d4179ef56ab3}</UniqueIdentifier>
      <Extensions>h;hpp;hxx;hm;inl;fi;fd</Extensions>
    </Filter>
    <Filter Include="Resource Files">
      <UniqueIdentifier>{b41fc06a-5aae-421f-99d0-ac4d7bf42031}</UniqueIdentifier>
      <Extensions>ico;cur;bmp;dlg;rc2;rct;bin;cnt;rtf;gif;jpg;jpeg;jpe</Extensions>
    </Filter>
  </ItemGroup>
  <ItemGroup>
    <ClCompile Include="BSPFILE.C">
      <Filter>Source Files</Filter>
    </ClCompile>
    <ClCompile Include="CMDLIB.C">
      <Filter>Source Files</Filter>
    </ClCompile>
    <ClCompile Include="ENTITIES.C">
      <Filter>Source Files</Filter>
    </ClCompile>
    <ClCompile Include="LIGHT.C">
      <Filter>Source Files</Filter>
    </ClCompile>
    <ClCompile Include="LTFACE.C">
      <Filter>Source Files</Filter>
    </ClCompile>
    <ClCompile Include="MATHLIB.C">
      <Filter>Source Files</Filter>
    </ClCompile>
    <ClCompile Include="TRACE.C">
      <Filter>Source Files</Filter>
    </ClCompile>
  </ItemGroup>
  <ItemGroup>
    <ClInclude Include="BSPFILE.H">
      <Filter>Header Files</Filter>
    </ClInclude>
    <ClInclude Include="CMDLIB.H">
      <Filter>Header Files</Filter>
    </ClInclude>
    <ClInclude Include="ENTITIES.H">
      <Filter>Header Files</Filter>
    </ClInclude>
    <ClInclude Include="LIGHT.H">
      <Filter>Header Files</Filter>
    </ClInclude>
    <ClInclude Include="MATHLIB.H">
      <Filter>Header Files</Filter>
    </ClInclude>
  </ItemGroup>
</Project>